// !$*UTF8*$!
{
	archiveVersion = 1;
	classes = {
	};
	objectVersion = 50;
	objects = {

/* Begin PBXBuildFile section */
		C6D6D64F258EA4EE00B4EB77 /* OpenWeatherApp.swift in Sources */ = {isa = PBXBuildFile; fileRef = C6D6D64E258EA4EE00B4EB77 /* OpenWeatherApp.swift */; };
		C6D6D651258EA4EE00B4EB77 /* PlaceView.swift in Sources */ = {isa = PBXBuildFile; fileRef = C6D6D650258EA4EE00B4EB77 /* PlaceView.swift */; };
		C6D6D653258EA4EF00B4EB77 /* Assets.xcassets in Resources */ = {isa = PBXBuildFile; fileRef = C6D6D652258EA4EF00B4EB77 /* Assets.xcassets */; };
		C6D6D656258EA4EF00B4EB77 /* Preview Assets.xcassets in Resources */ = {isa = PBXBuildFile; fileRef = C6D6D655258EA4EF00B4EB77 /* Preview Assets.xcassets */; };
		C6D6D662258F472500B4EB77 /* LocationManager.swift in Sources */ = {isa = PBXBuildFile; fileRef = C6D6D661258F472500B4EB77 /* LocationManager.swift */; };
		C6D6D68E258FADE700B4EB77 /* ActivityIndicator.swift in Sources */ = {isa = PBXBuildFile; fileRef = C6D6D68D258FADE700B4EB77 /* ActivityIndicator.swift */; };
		C6D6D694258FEF0500B4EB77 /* Place.swift in Sources */ = {isa = PBXBuildFile; fileRef = C6D6D693258FEF0500B4EB77 /* Place.swift */; };
/* End PBXBuildFile section */

/* Begin PBXFileReference section */
		C6D6D64B258EA4EE00B4EB77 /* OpenWeather.app */ = {isa = PBXFileReference; explicitFileType = wrapper.application; includeInIndex = 0; path = OpenWeather.app; sourceTree = BUILT_PRODUCTS_DIR; };
		C6D6D64E258EA4EE00B4EB77 /* OpenWeatherApp.swift */ = {isa = PBXFileReference; lastKnownFileType = sourcecode.swift; path = OpenWeatherApp.swift; sourceTree = "<group>"; };
		C6D6D650258EA4EE00B4EB77 /* PlaceView.swift */ = {isa = PBXFileReference; lastKnownFileType = sourcecode.swift; path = PlaceView.swift; sourceTree = "<group>"; };
		C6D6D652258EA4EF00B4EB77 /* Assets.xcassets */ = {isa = PBXFileReference; lastKnownFileType = folder.assetcatalog; path = Assets.xcassets; sourceTree = "<group>"; };
		C6D6D655258EA4EF00B4EB77 /* Preview Assets.xcassets */ = {isa = PBXFileReference; lastKnownFileType = folder.assetcatalog; path = "Preview Assets.xcassets"; sourceTree = "<group>"; };
		C6D6D657258EA4EF00B4EB77 /* Info.plist */ = {isa = PBXFileReference; lastKnownFileType = text.plist.xml; path = Info.plist; sourceTree = "<group>"; };
		C6D6D661258F472500B4EB77 /* LocationManager.swift */ = {isa = PBXFileReference; lastKnownFileType = sourcecode.swift; path = LocationManager.swift; sourceTree = "<group>"; };
		C6D6D68D258FADE700B4EB77 /* ActivityIndicator.swift */ = {isa = PBXFileReference; lastKnownFileType = sourcecode.swift; path = ActivityIndicator.swift; sourceTree = "<group>"; };
		C6D6D693258FEF0500B4EB77 /* Place.swift */ = {isa = PBXFileReference; lastKnownFileType = sourcecode.swift; path = Place.swift; sourceTree = "<group>"; };
/* End PBXFileReference section */

/* Begin PBXFrameworksBuildPhase section */
		C6D6D648258EA4EE00B4EB77 /* Frameworks */ = {
			isa = PBXFrameworksBuildPhase;
			buildActionMask = 2147483647;
			files = (
			);
			runOnlyForDeploymentPostprocessing = 0;
		};
/* End PBXFrameworksBuildPhase section */

/* Begin PBXGroup section */
		C6D6D642258EA4EE00B4EB77 = {
			isa = PBXGroup;
			children = (
				C6D6D64D258EA4EE00B4EB77 /* OpenWeather */,
				C6D6D64C258EA4EE00B4EB77 /* Products */,
			);
			sourceTree = "<group>";
		};
		C6D6D64C258EA4EE00B4EB77 /* Products */ = {
			isa = PBXGroup;
			children = (
				C6D6D64B258EA4EE00B4EB77 /* OpenWeather.app */,
			);
			name = Products;
			sourceTree = "<group>";
		};
		C6D6D64D258EA4EE00B4EB77 /* OpenWeather */ = {
			isa = PBXGroup;
			children = (
				C6D6D692258FEED700B4EB77 /* Models */,
				C6D6D660258F46CC00B4EB77 /* Managers */,
				C6D6D654258EA4EF00B4EB77 /* Preview Content */,
				C6D6D665258F473800B4EB77 /* Views */,
				C6D6D64E258EA4EE00B4EB77 /* OpenWeatherApp.swift */,
				C6D6D652258EA4EF00B4EB77 /* Assets.xcassets */,
				C6D6D657258EA4EF00B4EB77 /* Info.plist */,
			);
			path = OpenWeather;
			sourceTree = "<group>";
		};
		C6D6D654258EA4EF00B4EB77 /* Preview Content */ = {
			isa = PBXGroup;
			children = (
				C6D6D655258EA4EF00B4EB77 /* Preview Assets.xcassets */,
			);
			path = "Preview Content";
			sourceTree = "<group>";
		};
		C6D6D660258F46CC00B4EB77 /* Managers */ = {
			isa = PBXGroup;
			children = (
				C6D6D661258F472500B4EB77 /* LocationManager.swift */,
			);
			path = Managers;
			sourceTree = "<group>";
		};
		C6D6D665258F473800B4EB77 /* Views */ = {
			isa = PBXGroup;
			children = (
				C6D6D650258EA4EE00B4EB77 /* PlaceView.swift */,
				C6D6D68D258FADE700B4EB77 /* ActivityIndicator.swift */,
			);
			path = Views;
			sourceTree = "<group>";
		};
		C6D6D692258FEED700B4EB77 /* Models */ = {
			isa = PBXGroup;
			children = (
				C6D6D693258FEF0500B4EB77 /* Place.swift */,
			);
			path = Models;
			sourceTree = "<group>";
		};
/* End PBXGroup section */

/* Begin PBXNativeTarget section */
		C6D6D64A258EA4EE00B4EB77 /* OpenWeather */ = {
			isa = PBXNativeTarget;
			buildConfigurationList = C6D6D65A258EA4EF00B4EB77 /* Build configuration list for PBXNativeTarget "OpenWeather" */;
			buildPhases = (
				C6D6D647258EA4EE00B4EB77 /* Sources */,
				C6D6D648258EA4EE00B4EB77 /* Frameworks */,
				C6D6D649258EA4EE00B4EB77 /* Resources */,
			);
			buildRules = (
			);
			dependencies = (
			);
			name = OpenWeather;
			productName = OpenWeather;
			productReference = C6D6D64B258EA4EE00B4EB77 /* OpenWeather.app */;
			productType = "com.apple.product-type.application";
		};
/* End PBXNativeTarget section */

/* Begin PBXProject section */
		C6D6D643258EA4EE00B4EB77 /* Project object */ = {
			isa = PBXProject;
			attributes = {
				LastSwiftUpdateCheck = 1230;
				LastUpgradeCheck = 1230;
				TargetAttributes = {
					C6D6D64A258EA4EE00B4EB77 = {
						CreatedOnToolsVersion = 12.3;
					};
				};
			};
			buildConfigurationList = C6D6D646258EA4EE00B4EB77 /* Build configuration list for PBXProject "OpenWeather" */;
			compatibilityVersion = "Xcode 9.3";
			developmentRegion = en;
			hasScannedForEncodings = 0;
			knownRegions = (
				en,
				Base,
			);
			mainGroup = C6D6D642258EA4EE00B4EB77;
			productRefGroup = C6D6D64C258EA4EE00B4EB77 /* Products */;
			projectDirPath = "";
			projectRoot = "";
			targets = (
				C6D6D64A258EA4EE00B4EB77 /* OpenWeather */,
			);
		};
/* End PBXProject section */

/* Begin PBXResourcesBuildPhase section */
		C6D6D649258EA4EE00B4EB77 /* Resources */ = {
			isa = PBXResourcesBuildPhase;
			buildActionMask = 2147483647;
			files = (
				C6D6D656258EA4EF00B4EB77 /* Preview Assets.xcassets in Resources */,
				C6D6D653258EA4EF00B4EB77 /* Assets.xcassets in Resources */,
			);
			runOnlyForDeploymentPostprocessing = 0;
		};
/* End PBXResourcesBuildPhase section */

/* Begin PBXSourcesBuildPhase section */
		C6D6D647258EA4EE00B4EB77 /* Sources */ = {
			isa = PBXSourcesBuildPhase;
			buildActionMask = 2147483647;
			files = (
				C6D6D68E258FADE700B4EB77 /* ActivityIndicator.swift in Sources */,
				C6D6D694258FEF0500B4EB77 /* Place.swift in Sources */,
				C6D6D651258EA4EE00B4EB77 /* PlaceView.swift in Sources */,
				C6D6D64F258EA4EE00B4EB77 /* OpenWeatherApp.swift in Sources */,
				C6D6D662258F472500B4EB77 /* LocationManager.swift in Sources */,
			);
			runOnlyForDeploymentPostprocessing = 0;
		};
/* End PBXSourcesBuildPhase section */

/* Begin XCBuildConfiguration section */
		C6D6D658258EA4EF00B4EB77 /* Debug */ = {
			isa = XCBuildConfiguration;
			buildSettings = {
				ALWAYS_SEARCH_USER_PATHS = NO;
				CLANG_ANALYZER_NONNULL = YES;
				CLANG_ANALYZER_NUMBER_OBJECT_CONVERSION = YES_AGGRESSIVE;
				CLANG_CXX_LANGUAGE_STANDARD = "gnu++14";
				CLANG_CXX_LIBRARY = "libc++";
				CLANG_ENABLE_MODULES = YES;
				CLANG_ENABLE_OBJC_ARC = YES;
				CLANG_ENABLE_OBJC_WEAK = YES;
				CLANG_WARN_BLOCK_CAPTURE_AUTORELEASING = YES;
				CLANG_WARN_BOOL_CONVERSION = YES;
				CLANG_WARN_COMMA = YES;
				CLANG_WARN_CONSTANT_CONVERSION = YES;
				CLANG_WARN_DEPRECATED_OBJC_IMPLEMENTATIONS = YES;
				CLANG_WARN_DIRECT_OBJC_ISA_USAGE = YES_ERROR;
				CLANG_WARN_DOCUMENTATION_COMMENTS = YES;
				CLANG_WARN_EMPTY_BODY = YES;
				CLANG_WARN_ENUM_CONVERSION = YES;
				CLANG_WARN_INFINITE_RECURSION = YES;
				CLANG_WARN_INT_CONVERSION = YES;
				CLANG_WARN_NON_LITERAL_NULL_CONVERSION = YES;
				CLANG_WARN_OBJC_IMPLICIT_RETAIN_SELF = YES;
				CLANG_WARN_OBJC_LITERAL_CONVERSION = YES;
				CLANG_WARN_OBJC_ROOT_CLASS = YES_ERROR;
				CLANG_WARN_QUOTED_INCLUDE_IN_FRAMEWORK_HEADER = YES;
				CLANG_WARN_RANGE_LOOP_ANALYSIS = YES;
				CLANG_WARN_STRICT_PROTOTYPES = YES;
				CLANG_WARN_SUSPICIOUS_MOVE = YES;
				CLANG_WARN_UNGUARDED_AVAILABILITY = YES_AGGRESSIVE;
				CLANG_WARN_UNREACHABLE_CODE = YES;
				CLANG_WARN__DUPLICATE_METHOD_MATCH = YES;
				COPY_PHASE_STRIP = NO;
				DEBUG_INFORMATION_FORMAT = dwarf;
				ENABLE_STRICT_OBJC_MSGSEND = YES;
				ENABLE_TESTABILITY = YES;
				GCC_C_LANGUAGE_STANDARD = gnu11;
				GCC_DYNAMIC_NO_PIC = NO;
				GCC_NO_COMMON_BLOCKS = YES;
				GCC_OPTIMIZATION_LEVEL = 0;
				GCC_PREPROCESSOR_DEFINITIONS = (
					"DEBUG=1",
					"$(inherited)",
				);
				GCC_WARN_64_TO_32_BIT_CONVERSION = YES;
				GCC_WARN_ABOUT_RETURN_TYPE = YES_ERROR;
				GCC_WARN_UNDECLARED_SELECTOR = YES;
				GCC_WARN_UNINITIALIZED_AUTOS = YES_AGGRESSIVE;
				GCC_WARN_UNUSED_FUNCTION = YES;
				GCC_WARN_UNUSED_VARIABLE = YES;
				IPHONEOS_DEPLOYMENT_TARGET = 14.0;
				MTL_ENABLE_DEBUG_INFO = INCLUDE_SOURCE;
				MTL_FAST_MATH = YES;
				ONLY_ACTIVE_ARCH = YES;
				SDKROOT = iphoneos;
				SWIFT_ACTIVE_COMPILATION_CONDITIONS = DEBUG;
				SWIFT_OPTIMIZATION_LEVEL = "-Onone";
			};
			name = Debug;
		};
		C6D6D659258EA4EF00B4EB77 /* Release */ = {
			isa = XCBuildConfiguration;
			buildSettings = {
				ALWAYS_SEARCH_USER_PATHS = NO;
				CLANG_ANALYZER_NONNULL = YES;
				CLANG_ANALYZER_NUMBER_OBJECT_CONVERSION = YES_AGGRESSIVE;
				CLANG_CXX_LANGUAGE_STANDARD = "gnu++14";
				CLANG_CXX_LIBRARY = "libc++";
				CLANG_ENABLE_MODULES = YES;
				CLANG_ENABLE_OBJC_ARC = YES;
				CLANG_ENABLE_OBJC_WEAK = YES;
				CLANG_WARN_BLOCK_CAPTURE_AUTORELEASING = YES;
				CLANG_WARN_BOOL_CONVERSION = YES;
				CLANG_WARN_COMMA = YES;
				CLANG_WARN_CONSTANT_CONVERSION = YES;
				CLANG_WARN_DEPRECATED_OBJC_IMPLEMENTATIONS = YES;
				CLANG_WARN_DIRECT_OBJC_ISA_USAGE = YES_ERROR;
				CLANG_WARN_DOCUMENTATION_COMMENTS = YES;
				CLANG_WARN_EMPTY_BODY = YES;
				CLANG_WARN_ENUM_CONVERSION = YES;
				CLANG_WARN_INFINITE_RECURSION = YES;
				CLANG_WARN_INT_CONVERSION = YES;
				CLANG_WARN_NON_LITERAL_NULL_CONVERSION = YES;
				CLANG_WARN_OBJC_IMPLICIT_RETAIN_SELF = YES;
				CLANG_WARN_OBJC_LITERAL_CONVERSION = YES;
				CLANG_WARN_OBJC_ROOT_CLASS = YES_ERROR;
				CLANG_WARN_QUOTED_INCLUDE_IN_FRAMEWORK_HEADER = YES;
				CLANG_WARN_RANGE_LOOP_ANALYSIS = YES;
				CLANG_WARN_STRICT_PROTOTYPES = YES;
				CLANG_WARN_SUSPICIOUS_MOVE = YES;
				CLANG_WARN_UNGUARDED_AVAILABILITY = YES_AGGRESSIVE;
				CLANG_WARN_UNREACHABLE_CODE = YES;
				CLANG_WARN__DUPLICATE_METHOD_MATCH = YES;
				COPY_PHASE_STRIP = NO;
				DEBUG_INFORMATION_FORMAT = "dwarf-with-dsym";
				ENABLE_NS_ASSERTIONS = NO;
				ENABLE_STRICT_OBJC_MSGSEND = YES;
				GCC_C_LANGUAGE_STANDARD = gnu11;
				GCC_NO_COMMON_BLOCKS = YES;
				GCC_WARN_64_TO_32_BIT_CONVERSION = YES;
				GCC_WARN_ABOUT_RETURN_TYPE = YES_ERROR;
				GCC_WARN_UNDECLARED_SELECTOR = YES;
				GCC_WARN_UNINITIALIZED_AUTOS = YES_AGGRESSIVE;
				GCC_WARN_UNUSED_FUNCTION = YES;
				GCC_WARN_UNUSED_VARIABLE = YES;
				IPHONEOS_DEPLOYMENT_TARGET = 14.0;
				MTL_ENABLE_DEBUG_INFO = NO;
				MTL_FAST_MATH = YES;
				SDKROOT = iphoneos;
				SWIFT_COMPILATION_MODE = wholemodule;
				SWIFT_OPTIMIZATION_LEVEL = "-O";
				VALIDATE_PRODUCT = YES;
			};
			name = Release;
		};
		C6D6D65B258EA4EF00B4EB77 /* Debug */ = {
			isa = XCBuildConfiguration;
			buildSettings = {
				ASSETCATALOG_COMPILER_APPICON_NAME = AppIcon;
				ASSETCATALOG_COMPILER_GLOBAL_ACCENT_COLOR_NAME = AccentColor;
				CODE_SIGN_STYLE = Automatic;
				DEVELOPMENT_ASSET_PATHS = "\"OpenWeather/Preview Content\"";
				DEVELOPMENT_TEAM = 2686DA6Y3S;
				ENABLE_PREVIEWS = YES;
				INFOPLIST_FILE = OpenWeather/Info.plist;
				IPHONEOS_DEPLOYMENT_TARGET = 14.0;
				LD_RUNPATH_SEARCH_PATHS = (
					"$(inherited)",
					"@executable_path/Frameworks",
				);
				PRODUCT_BUNDLE_IDENTIFIER = open.weaather.app.OpenWeather;
				PRODUCT_NAME = "$(TARGET_NAME)";
				SWIFT_VERSION = 5.0;
				TARGETED_DEVICE_FAMILY = "1,2";
			};
			name = Debug;
		};
		C6D6D65C258EA4EF00B4EB77 /* Release */ = {
			isa = XCBuildConfiguration;
			buildSettings = {
				ASSETCATALOG_COMPILER_APPICON_NAME = AppIcon;
				ASSETCATALOG_COMPILER_GLOBAL_ACCENT_COLOR_NAME = AccentColor;
				CODE_SIGN_STYLE = Automatic;
				DEVELOPMENT_ASSET_PATHS = "\"OpenWeather/Preview Content\"";
				DEVELOPMENT_TEAM = 2686DA6Y3S;
				ENABLE_PREVIEWS = YES;
				INFOPLIST_FILE = OpenWeather/Info.plist;
				IPHONEOS_DEPLOYMENT_TARGET = 14.0;
				LD_RUNPATH_SEARCH_PATHS = (
					"$(inherited)",
					"@executable_path/Frameworks",
				);
				PRODUCT_BUNDLE_IDENTIFIER = open.weaather.app.OpenWeather;
				PRODUCT_NAME = "$(TARGET_NAME)";
				SWIFT_VERSION = 5.0;
				TARGETED_DEVICE_FAMILY = "1,2";
			};
			name = Release;
		};
/* End XCBuildConfiguration section */

/* Begin XCConfigurationList section */
		C6D6D646258EA4EE00B4EB77 /* Build configuration list for PBXProject "OpenWeather" */ = {
			isa = XCConfigurationList;
			buildConfigurations = (
				C6D6D658258EA4EF00B4EB77 /* Debug */,
				C6D6D659258EA4EF00B4EB77 /* Release */,
			);
			defaultConfigurationIsVisible = 0;
			defaultConfigurationName = Release;
		};
		C6D6D65A258EA4EF00B4EB77 /* Build configuration list for PBXNativeTarget "OpenWeather" */ = {
			isa = XCConfigurationList;
			buildConfigurations = (
				C6D6D65B258EA4EF00B4EB77 /* Debug */,
				C6D6D65C258EA4EF00B4EB77 /* Release */,
			);
			defaultConfigurationIsVisible = 0;
			defaultConfigurationName = Release;
		};
/* End XCConfigurationList section */
	};
	rootObject = C6D6D643258EA4EE00B4EB77 /* Project object */;
}
